
Microsoft Visual Studio Solution File, Format Version 12.00
# Visual Studio Version 16
VisualStudioVersion = 25.0.1706.4
MinimumVisualStudioVersion = 10.0.40219.1
Project("{FAE04EC0-301F-11D3-BF4B-00C04F79EFBC}") = "Task1.Android", "Task1\Task1.Android\Task1.Android.csproj", "{C90573B3-5918-4808-BF64-1C60FF284F47}"
EndProject
Project("{FAE04EC0-301F-11D3-BF4B-00C04F79EFBC}") = "Task1.iOS", "Task1\Task1.iOS\Task1.iOS.csproj", "{D807740E-C894-4F58-8C9A-498DD0AFD0F2}"
EndProject
Project("{FAE04EC0-301F-11D3-BF4B-00C04F79EFBC}") = "Task1", "Task1\Task1\Task1.csproj", "{7B9A6172-2030-4500-A28B-268E1E6F6DB2}"
EndProject
Global
	GlobalSection(SolutionConfigurationPlatforms) = preSolution
		Debug|Any CPU = Debug|Any CPU
		Release|Any CPU = Release|Any CPU
		Debug|iPhoneSimulator = Debug|iPhoneSimulator
		Release|iPhoneSimulator = Release|iPhoneSimulator
		Debug|iPhone = Debug|iPhone
		Release|iPhone = Release|iPhone
	EndGlobalSection
	GlobalSection(ProjectConfigurationPlatforms) = postSolution
		{C90573B3-5918-4808-BF64-1C60FF284F47}.Debug|Any CPU.ActiveCfg = Debug|Any CPU
		{C90573B3-5918-4808-BF64-1C60FF284F47}.Debug|Any CPU.Build.0 = Debug|Any CPU
		{C90573B3-5918-4808-BF64-1C60FF284F47}.Release|Any CPU.ActiveCfg = Release|Any CPU
		{C90573B3-5918-4808-BF64-1C60FF284F47}.Release|Any CPU.Build.0 = Release|Any CPU
		{C90573B3-5918-4808-BF64-1C60FF284F47}.Debug|iPhoneSimulator.ActiveCfg = Debug|Any CPU
		{C90573B3-5918-4808-BF64-1C60FF284F47}.Debug|iPhoneSimulator.Build.0 = Debug|Any CPU
		{C90573B3-5918-4808-BF64-1C60FF284F47}.Release|iPhoneSimulator.ActiveCfg = Release|Any CPU
		{C90573B3-5918-4808-BF64-1C60FF284F47}.Release|iPhoneSimulator.Build.0 = Release|Any CPU
		{C90573B3-5918-4808-BF64-1C60FF284F47}.Debug|iPhone.ActiveCfg = Debug|Any CPU
		{C90573B3-5918-4808-BF64-1C60FF284F47}.Debug|iPhone.Build.0 = Debug|Any CPU
		{C90573B3-5918-4808-BF64-1C60FF284F47}.Release|iPhone.ActiveCfg = Release|Any CPU
		{C90573B3-5918-4808-BF64-1C60FF284F47}.Release|iPhone.Build.0 = Release|Any CPU
		{D807740E-C894-4F58-8C9A-498DD0AFD0F2}.Debug|Any CPU.ActiveCfg = Debug|iPhoneSimulator
		{D807740E-C894-4F58-8C9A-498DD0AFD0F2}.Debug|Any CPU.Build.0 = Debug|iPhoneSimulator
		{D807740E-C894-4F58-8C9A-498DD0AFD0F2}.Release|Any CPU.ActiveCfg = Release|iPhoneSimulator
		{D807740E-C894-4F58-8C9A-498DD0AFD0F2}.Release|Any CPU.Build.0 = Release|iPhoneSimulator
		{D807740E-C894-4F58-8C9A-498DD0AFD0F2}.Debug|iPhoneSimulator.ActiveCfg = Debug|iPhoneSimulator
		{D807740E-C894-4F58-8C9A-498DD0AFD0F2}.Debug|iPhoneSimulator.Build.0 = Debug|iPhoneSimulator
		{D807740E-C894-4F58-8C9A-498DD0AFD0F2}.Release|iPhoneSimulator.ActiveCfg = Release|iPhoneSimulator
		{D807740E-C894-4F58-8C9A-498DD0AFD0F2}.Release|iPhoneSimulator.Build.0 = Release|iPhoneSimulator
		{D807740E-C894-4F58-8C9A-498DD0AFD0F2}.Debug|iPhone.ActiveCfg = Debug|iPhone
		{D807740E-C894-4F58-8C9A-498DD0AFD0F2}.Debug|iPhone.Build.0 = Debug|iPhone
		{D807740E-C894-4F58-8C9A-498DD0AFD0F2}.Release|iPhone.ActiveCfg = Release|iPhone
		{D807740E-C894-4F58-8C9A-498DD0AFD0F2}.Release|iPhone.Build.0 = Release|iPhone
		{7B9A6172-2030-4500-A28B-268E1E6F6DB2}.Debug|Any CPU.ActiveCfg = Debug|Any CPU
		{7B9A6172-2030-4500-A28B-268E1E6F6DB2}.Debug|Any CPU.Build.0 = Debug|Any CPU
		{7B9A6172-2030-4500-A28B-268E1E6F6DB2}.Release|Any CPU.ActiveCfg = Release|Any CPU
		{7B9A6172-2030-4500-A28B-268E1E6F6DB2}.Release|Any CPU.Build.0 = Release|Any CPU
		{7B9A6172-2030-4500-A28B-268E1E6F6DB2}.Debug|iPhoneSimulator.ActiveCfg = Debug|Any CPU
		{7B9A6172-2030-4500-A28B-268E1E6F6DB2}.Debug|iPhoneSimulator.Build.0 = Debug|Any CPU
		{7B9A6172-2030-4500-A28B-268E1E6F6DB2}.Release|iPhoneSimulator.ActiveCfg = Release|Any CPU
		{7B9A6172-2030-4500-A28B-268E1E6F6DB2}.Release|iPhoneSimulator.Build.0 = Release|Any CPU
		{7B9A6172-2030-4500-A28B-268E1E6F6DB2}.Debug|iPhone.ActiveCfg = Debug|Any CPU
		{7B9A6172-2030-4500-A28B-268E1E6F6DB2}.Debug|iPhone.Build.0 = Debug|Any CPU
		{7B9A6172-2030-4500-A28B-268E1E6F6DB2}.Release|iPhone.ActiveCfg = Release|Any CPU
		{7B9A6172-2030-4500-A28B-268E1E6F6DB2}.Release|iPhone.Build.0 = Release|Any CPU
	EndGlobalSection
	GlobalSection(SolutionProperties) = preSolution
		HideSolutionNode = FALSE
	EndGlobalSection
	GlobalSection(ExtensibilityGlobals) = postSolution
		SolutionGuid = {B4C1A451-5D55-4DAB-A1BF-D3804B4CE20C}
	EndGlobalSection
EndGlobal
